
Microsoft Visual Studio Solution File, Format Version 12.00
# Visual Studio Version 16
VisualStudioVersion = 16.0.30204.135
MinimumVisualStudioVersion = 10.0.40219.1
Project("{FAE04EC0-301F-11D3-BF4B-00C04F79EFBC}") = "FactoryPatternUIDesign", "FactoryPatternUIDesign\FactoryPatternUIDesign.csproj", "{CED9160B-D4D3-492A-9DDA-5E78B3EF6FA0}"
EndProject
Global
	GlobalSection(SolutionConfigurationPlatforms) = preSolution
		Debug|Any CPU = Debug|Any CPU
		Release|Any CPU = Release|Any CPU
	EndGlobalSection
	GlobalSection(ProjectConfigurationPlatforms) = postSolution
		{CED9160B-D4D3-492A-9DDA-5E78B3EF6FA0}.Debug|Any CPU.ActiveCfg = Debug|Any CPU
		{CED9160B-D4D3-492A-9DDA-5E78B3EF6FA0}.Debug|Any CPU.Build.0 = Debug|Any CPU
		{CED9160B-D4D3-492A-9DDA-5E78B3EF6FA0}.Release|Any CPU.ActiveCfg = Release|Any CPU
		{CED9160B-D4D3-492A-9DDA-5E78B3EF6FA0}.Release|Any CPU.Build.0 = Release|Any CPU
	EndGlobalSection
	GlobalSection(SolutionProperties) = preSolution
		HideSolutionNode = FALSE
	EndGlobalSection
	GlobalSection(ExtensibilityGlobals) = postSolution
		SolutionGuid = {40789FFD-6728-4E97-AAFB-F04C0851DBD7}
	EndGlobalSection
EndGlobal
